
Microsoft Visual Studio Solution File, Format Version 12.00
# Visual Studio Version 17
VisualStudioVersion = 17.3.32922.545
MinimumVisualStudioVersion = 10.0.40219.1
Project("{9A19103F-16F7-4668-BE54-9A1E7A4F7556}") = "FACTURADOR_API", "FACTURADOR_API\FACTURADOR_API.csproj", "{90433921-1DC1-48E1-B324-1E91BC2BDF48}"
EndProject
Project("{FAE04EC0-301F-11D3-BF4B-00C04F79EFBC}") = "TESTS", "Tests\TESTS.csproj", "{197E0508-DD6D-4532-A240-C8833C9C9F40}"
EndProject
Global
	GlobalSection(SolutionConfigurationPlatforms) = preSolution
		Debug|Any CPU = Debug|Any CPU
		Release|Any CPU = Release|Any CPU
	EndGlobalSection
	GlobalSection(ProjectConfigurationPlatforms) = postSolution
		{90433921-1DC1-48E1-B324-1E91BC2BDF48}.Debug|Any CPU.ActiveCfg = Debug|Any CPU
		{90433921-1DC1-48E1-B324-1E91BC2BDF48}.Debug|Any CPU.Build.0 = Debug|Any CPU
		{90433921-1DC1-48E1-B324-1E91BC2BDF48}.Release|Any CPU.ActiveCfg = Release|Any CPU
		{90433921-1DC1-48E1-B324-1E91BC2BDF48}.Release|Any CPU.Build.0 = Release|Any CPU
		{197E0508-DD6D-4532-A240-C8833C9C9F40}.Debug|Any CPU.ActiveCfg = Debug|Any CPU
		{197E0508-DD6D-4532-A240-C8833C9C9F40}.Debug|Any CPU.Build.0 = Debug|Any CPU
		{197E0508-DD6D-4532-A240-C8833C9C9F40}.Release|Any CPU.ActiveCfg = Release|Any CPU
		{197E0508-DD6D-4532-A240-C8833C9C9F40}.Release|Any CPU.Build.0 = Release|Any CPU
	EndGlobalSection
	GlobalSection(SolutionProperties) = preSolution
		HideSolutionNode = FALSE
	EndGlobalSection
	GlobalSection(ExtensibilityGlobals) = postSolution
		SolutionGuid = {06EE1433-3FC2-4DC8-9C56-9771A793CB7D}
	EndGlobalSection
EndGlobal
