
Microsoft Visual Studio Solution File, Format Version 12.00
# Visual Studio Version 17
VisualStudioVersion = 17.3.32825.248
MinimumVisualStudioVersion = 10.0.40219.1
Project("{FAE04EC0-301F-11D3-BF4B-00C04F79EFBC}") = "FACTURADOR_TESTS", "FACTURADOR_TESTS\FACTURADOR_TESTS.csproj", "{AEBA6F5C-7390-4C72-B04D-1836ED9A2098}"
EndProject
Project("{FAE04EC0-301F-11D3-BF4B-00C04F79EFBC}") = "Tests", "Tests\Tests.csproj", "{7DD6E306-F5BD-47A4-B825-4D50D8218EBB}"
EndProject
Global
	GlobalSection(SolutionConfigurationPlatforms) = preSolution
		Debug|Any CPU = Debug|Any CPU
		Release|Any CPU = Release|Any CPU
	EndGlobalSection
	GlobalSection(ProjectConfigurationPlatforms) = postSolution
		{AEBA6F5C-7390-4C72-B04D-1836ED9A2098}.Debug|Any CPU.ActiveCfg = Debug|Any CPU
		{AEBA6F5C-7390-4C72-B04D-1836ED9A2098}.Debug|Any CPU.Build.0 = Debug|Any CPU
		{AEBA6F5C-7390-4C72-B04D-1836ED9A2098}.Release|Any CPU.ActiveCfg = Release|Any CPU
		{AEBA6F5C-7390-4C72-B04D-1836ED9A2098}.Release|Any CPU.Build.0 = Release|Any CPU
		{7DD6E306-F5BD-47A4-B825-4D50D8218EBB}.Debug|Any CPU.ActiveCfg = Debug|Any CPU
		{7DD6E306-F5BD-47A4-B825-4D50D8218EBB}.Debug|Any CPU.Build.0 = Debug|Any CPU
		{7DD6E306-F5BD-47A4-B825-4D50D8218EBB}.Release|Any CPU.ActiveCfg = Release|Any CPU
		{7DD6E306-F5BD-47A4-B825-4D50D8218EBB}.Release|Any CPU.Build.0 = Release|Any CPU
	EndGlobalSection
	GlobalSection(SolutionProperties) = preSolution
		HideSolutionNode = FALSE
	EndGlobalSection
	GlobalSection(ExtensibilityGlobals) = postSolution
		SolutionGuid = {E3AF533D-CDC5-4B4A-A951-9E579870324A}
	EndGlobalSection
EndGlobal
